
Microsoft Visual Studio Solution File, Format Version 12.00
# Visual Studio Version 17
VisualStudioVersion = 17.1.32407.343
MinimumVisualStudioVersion = 10.0.40219.1
Project("{FAE04EC0-301F-11D3-BF4B-00C04F79EFBC}") = "ImageTextureLab", "ImageTextureLab.csproj", "{46B6D37C-6B77-473B-B82D-0DD20535C7D2}"
EndProject
Global
	GlobalSection(SolutionConfigurationPlatforms) = preSolution
		Debug|Any CPU = Debug|Any CPU
		Release|Any CPU = Release|Any CPU
	EndGlobalSection
	GlobalSection(ProjectConfigurationPlatforms) = postSolution
		{46B6D37C-6B77-473B-B82D-0DD20535C7D2}.Debug|Any CPU.ActiveCfg = Debug|Any CPU
		{46B6D37C-6B77-473B-B82D-0DD20535C7D2}.Debug|Any CPU.Build.0 = Debug|Any CPU
		{46B6D37C-6B77-473B-B82D-0DD20535C7D2}.Release|Any CPU.ActiveCfg = Release|Any CPU
		{46B6D37C-6B77-473B-B82D-0DD20535C7D2}.Release|Any CPU.Build.0 = Release|Any CPU
	EndGlobalSection
	GlobalSection(SolutionProperties) = preSolution
		HideSolutionNode = FALSE
	EndGlobalSection
	GlobalSection(ExtensibilityGlobals) = postSolution
		SolutionGuid = {F7023C00-1759-4B58-9427-8BF6FE71743F}
	EndGlobalSection
EndGlobal
